Microsoft Visual Studio Solution File, Format Version 12.00
# Visual Studio Version 17
VisualStudioVersion = 17.5.2.0
MinimumVisualStudioVersion = 10.0.40219.1
Project("{FAE04EC0-301F-11D3-BF4B-00C04F79EFBC}") = "cpe", "cpe\cpe.csproj", "{C0C08336-FDB9-B181-9E9C-341475077D29}"
EndProject
Global
	GlobalSection(SolutionConfigurationPlatforms) = preSolution
		Debug|Any CPU = Debug|Any CPU
		Release|Any CPU = Release|Any CPU
	EndGlobalSection
	GlobalSection(ProjectConfigurationPlatforms) = postSolution
		{C0C08336-FDB9-B181-9E9C-341475077D29}.Debug|Any CPU.ActiveCfg = Debug|Any CPU
		{C0C08336-FDB9-B181-9E9C-341475077D29}.Debug|Any CPU.Build.0 = Debug|Any CPU
		{C0C08336-FDB9-B181-9E9C-341475077D29}.Release|Any CPU.ActiveCfg = Release|Any CPU
		{C0C08336-FDB9-B181-9E9C-341475077D29}.Release|Any CPU.Build.0 = Release|Any CPU
	EndGlobalSection
	GlobalSection(SolutionProperties) = preSolution
		HideSolutionNode = FALSE
	EndGlobalSection
	GlobalSection(ExtensibilityGlobals) = postSolution
		SolutionGuid = {300430E8-AB46-460B-9E8D-C1BFFCB17E44}
	EndGlobalSection
EndGlobal
